
Microsoft Visual Studio Solution File, Format Version 12.00
# Visual Studio Version 17
VisualStudioVersion = 17.7.34221.43
MinimumVisualStudioVersion = 10.0.40219.1
Project("{FAE04EC0-301F-11D3-BF4B-00C04F79EFBC}") = "WeatherApp", "WeatherApp\WeatherApp.csproj", "{B5241197-CCB6-432C-8B7E-C2876F33AD23}"
EndProject
Global
	GlobalSection(SolutionConfigurationPlatforms) = preSolution
		Debug|Any CPU = Debug|Any CPU
		Release|Any CPU = Release|Any CPU
	EndGlobalSection
	GlobalSection(ProjectConfigurationPlatforms) = postSolution
		{B5241197-CCB6-432C-8B7E-C2876F33AD23}.Debug|Any CPU.ActiveCfg = Debug|Any CPU
		{B5241197-CCB6-432C-8B7E-C2876F33AD23}.Debug|Any CPU.Build.0 = Debug|Any CPU
		{B5241197-CCB6-432C-8B7E-C2876F33AD23}.Release|Any CPU.ActiveCfg = Release|Any CPU
		{B5241197-CCB6-432C-8B7E-C2876F33AD23}.Release|Any CPU.Build.0 = Release|Any CPU
	EndGlobalSection
	GlobalSection(SolutionProperties) = preSolution
		HideSolutionNode = FALSE
	EndGlobalSection
	GlobalSection(ExtensibilityGlobals) = postSolution
		SolutionGuid = {868EC552-890A-4B83-98F9-D72E67FED79C}
	EndGlobalSection
EndGlobal
