
Microsoft Visual Studio Solution File, Format Version 12.00
# Visual Studio Version 17
VisualStudioVersion = 17.7.34221.43
MinimumVisualStudioVersion = 10.0.40219.1
Project("{FAE04EC0-301F-11D3-BF4B-00C04F79EFBC}") = "Eksamens2024_3dala_2uzd", "Eksamens2024_3dala_2uzd\Eksamens2024_3dala_2uzd.csproj", "{ADED9C15-595B-45C8-8CDD-EAB5F65AED11}"
EndProject
Global
	GlobalSection(SolutionConfigurationPlatforms) = preSolution
		Debug|Any CPU = Debug|Any CPU
		Release|Any CPU = Release|Any CPU
	EndGlobalSection
	GlobalSection(ProjectConfigurationPlatforms) = postSolution
		{ADED9C15-595B-45C8-8CDD-EAB5F65AED11}.Debug|Any CPU.ActiveCfg = Debug|Any CPU
		{ADED9C15-595B-45C8-8CDD-EAB5F65AED11}.Debug|Any CPU.Build.0 = Debug|Any CPU
		{ADED9C15-595B-45C8-8CDD-EAB5F65AED11}.Release|Any CPU.ActiveCfg = Release|Any CPU
		{ADED9C15-595B-45C8-8CDD-EAB5F65AED11}.Release|Any CPU.Build.0 = Release|Any CPU
	EndGlobalSection
	GlobalSection(SolutionProperties) = preSolution
		HideSolutionNode = FALSE
	EndGlobalSection
	GlobalSection(ExtensibilityGlobals) = postSolution
		SolutionGuid = {E8F4D0B7-7742-40DE-BF76-2DE07785687D}
	EndGlobalSection
EndGlobal
