
Microsoft Visual Studio Solution File, Format Version 12.00
# Visual Studio Version 17
VisualStudioVersion = 17.7.34221.43
MinimumVisualStudioVersion = 10.0.40219.1
Project("{FAE04EC0-301F-11D3-BF4B-00C04F79EFBC}") = "HangmanGame", "HangmanGame\HangmanGame.csproj", "{65E6346A-7692-4FDE-90D2-0352F064D9CA}"
EndProject
Global
	GlobalSection(SolutionConfigurationPlatforms) = preSolution
		Debug|Any CPU = Debug|Any CPU
		Release|Any CPU = Release|Any CPU
	EndGlobalSection
	GlobalSection(ProjectConfigurationPlatforms) = postSolution
		{65E6346A-7692-4FDE-90D2-0352F064D9CA}.Debug|Any CPU.ActiveCfg = Debug|Any CPU
		{65E6346A-7692-4FDE-90D2-0352F064D9CA}.Debug|Any CPU.Build.0 = Debug|Any CPU
		{65E6346A-7692-4FDE-90D2-0352F064D9CA}.Release|Any CPU.ActiveCfg = Release|Any CPU
		{65E6346A-7692-4FDE-90D2-0352F064D9CA}.Release|Any CPU.Build.0 = Release|Any CPU
	EndGlobalSection
	GlobalSection(SolutionProperties) = preSolution
		HideSolutionNode = FALSE
	EndGlobalSection
	GlobalSection(ExtensibilityGlobals) = postSolution
		SolutionGuid = {AA772459-DECA-48C6-9C21-8E3736DE0A50}
	EndGlobalSection
EndGlobal
