
Microsoft Visual Studio Solution File, Format Version 12.00
# Visual Studio Version 17
VisualStudioVersion = 17.13.35919.96 d17.13
MinimumVisualStudioVersion = 10.0.40219.1
Project("{FAE04EC0-301F-11D3-BF4B-00C04F79EFBC}") = "Eksamens_4dala_1uzd", "Eksamens_4dala_1uzd\Eksamens_4dala_1uzd.csproj", "{6B414EF8-7766-4C83-972D-F74487DAE04A}"
EndProject
Global
	GlobalSection(SolutionConfigurationPlatforms) = preSolution
		Debug|Any CPU = Debug|Any CPU
		Release|Any CPU = Release|Any CPU
	EndGlobalSection
	GlobalSection(ProjectConfigurationPlatforms) = postSolution
		{6B414EF8-7766-4C83-972D-F74487DAE04A}.Debug|Any CPU.ActiveCfg = Debug|Any CPU
		{6B414EF8-7766-4C83-972D-F74487DAE04A}.Debug|Any CPU.Build.0 = Debug|Any CPU
		{6B414EF8-7766-4C83-972D-F74487DAE04A}.Release|Any CPU.ActiveCfg = Release|Any CPU
		{6B414EF8-7766-4C83-972D-F74487DAE04A}.Release|Any CPU.Build.0 = Release|Any CPU
	EndGlobalSection
	GlobalSection(SolutionProperties) = preSolution
		HideSolutionNode = FALSE
	EndGlobalSection
	GlobalSection(ExtensibilityGlobals) = postSolution
		SolutionGuid = {0D9E0F60-4C5F-4B20-AD8E-F3F4AB89D44A}
	EndGlobalSection
EndGlobal
