
Microsoft Visual Studio Solution File, Format Version 12.00
# Visual Studio Version 17
VisualStudioVersion = 17.7.34221.43
MinimumVisualStudioVersion = 10.0.40219.1
Project("{FAE04EC0-301F-11D3-BF4B-00C04F79EFBC}") = "Eksamens2024_4dala_1uzd", "Eksamens2024_4dala_1uzd\Eksamens2024_4dala_1uzd.csproj", "{E59F73FD-32B3-4477-A642-FDD575D2DCCB}"
EndProject
Global
	GlobalSection(SolutionConfigurationPlatforms) = preSolution
		Debug|Any CPU = Debug|Any CPU
		Release|Any CPU = Release|Any CPU
	EndGlobalSection
	GlobalSection(ProjectConfigurationPlatforms) = postSolution
		{E59F73FD-32B3-4477-A642-FDD575D2DCCB}.Debug|Any CPU.ActiveCfg = Debug|Any CPU
		{E59F73FD-32B3-4477-A642-FDD575D2DCCB}.Debug|Any CPU.Build.0 = Debug|Any CPU
		{E59F73FD-32B3-4477-A642-FDD575D2DCCB}.Release|Any CPU.ActiveCfg = Release|Any CPU
		{E59F73FD-32B3-4477-A642-FDD575D2DCCB}.Release|Any CPU.Build.0 = Release|Any CPU
	EndGlobalSection
	GlobalSection(SolutionProperties) = preSolution
		HideSolutionNode = FALSE
	EndGlobalSection
	GlobalSection(ExtensibilityGlobals) = postSolution
		SolutionGuid = {3C2D035F-2219-43FF-9DB7-7EEBC2DFDC58}
	EndGlobalSection
EndGlobal
