
Microsoft Visual Studio Solution File, Format Version 12.00
# Visual Studio Version 17
VisualStudioVersion = 17.13.35919.96 d17.13
MinimumVisualStudioVersion = 10.0.40219.1
Project("{FAE04EC0-301F-11D3-BF4B-00C04F79EFBC}") = "Eksamens2023_3dala_2uzd", "Eksamens2023_3dala_2uzd\Eksamens2023_3dala_2uzd.csproj", "{272ABF4F-AB6F-458C-80BA-327C4C4BACEE}"
EndProject
Global
	GlobalSection(SolutionConfigurationPlatforms) = preSolution
		Debug|Any CPU = Debug|Any CPU
		Release|Any CPU = Release|Any CPU
	EndGlobalSection
	GlobalSection(ProjectConfigurationPlatforms) = postSolution
		{272ABF4F-AB6F-458C-80BA-327C4C4BACEE}.Debug|Any CPU.ActiveCfg = Debug|Any CPU
		{272ABF4F-AB6F-458C-80BA-327C4C4BACEE}.Debug|Any CPU.Build.0 = Debug|Any CPU
		{272ABF4F-AB6F-458C-80BA-327C4C4BACEE}.Release|Any CPU.ActiveCfg = Release|Any CPU
		{272ABF4F-AB6F-458C-80BA-327C4C4BACEE}.Release|Any CPU.Build.0 = Release|Any CPU
	EndGlobalSection
	GlobalSection(SolutionProperties) = preSolution
		HideSolutionNode = FALSE
	EndGlobalSection
	GlobalSection(ExtensibilityGlobals) = postSolution
		SolutionGuid = {FE9CDBE2-00D0-4C4A-9A76-58F7CC02E8C9}
	EndGlobalSection
EndGlobal
