
Microsoft Visual Studio Solution File, Format Version 12.00
# Visual Studio Version 17
VisualStudioVersion = 17.7.34221.43
MinimumVisualStudioVersion = 10.0.40219.1
Project("{FAE04EC0-301F-11D3-BF4B-00C04F79EFBC}") = "Eksamens2023_3dala_1uzd", "Eksamens2023_3dala_1uzd\Eksamens2023_3dala_1uzd.csproj", "{C35BE03B-3A77-423D-9133-5BF7899B9436}"
EndProject
Global
	GlobalSection(SolutionConfigurationPlatforms) = preSolution
		Debug|Any CPU = Debug|Any CPU
		Release|Any CPU = Release|Any CPU
	EndGlobalSection
	GlobalSection(ProjectConfigurationPlatforms) = postSolution
		{C35BE03B-3A77-423D-9133-5BF7899B9436}.Debug|Any CPU.ActiveCfg = Debug|Any CPU
		{C35BE03B-3A77-423D-9133-5BF7899B9436}.Debug|Any CPU.Build.0 = Debug|Any CPU
		{C35BE03B-3A77-423D-9133-5BF7899B9436}.Release|Any CPU.ActiveCfg = Release|Any CPU
		{C35BE03B-3A77-423D-9133-5BF7899B9436}.Release|Any CPU.Build.0 = Release|Any CPU
	EndGlobalSection
	GlobalSection(SolutionProperties) = preSolution
		HideSolutionNode = FALSE
	EndGlobalSection
	GlobalSection(ExtensibilityGlobals) = postSolution
		SolutionGuid = {23E5B105-799B-4F1A-9290-79AE44B269BE}
	EndGlobalSection
EndGlobal
